
Microsoft Visual Studio Solution File, Format Version 12.00
# Visual Studio Version 17
VisualStudioVersion = 17.7.34221.43
MinimumVisualStudioVersion = 10.0.40219.1
Project("{FAE04EC0-301F-11D3-BF4B-00C04F79EFBC}") = "Camacho_Victor_POO", "Camacho_Victor_POO\Camacho_Victor_POO.csproj", "{D4D157B6-EBFB-41F1-939D-9B126F2DD385}"
EndProject
Global
	GlobalSection(SolutionConfigurationPlatforms) = preSolution
		Debug|Any CPU = Debug|Any CPU
		Release|Any CPU = Release|Any CPU
	EndGlobalSection
	GlobalSection(ProjectConfigurationPlatforms) = postSolution
		{D4D157B6-EBFB-41F1-939D-9B126F2DD385}.Debug|Any CPU.ActiveCfg = Debug|Any CPU
		{D4D157B6-EBFB-41F1-939D-9B126F2DD385}.Debug|Any CPU.Build.0 = Debug|Any CPU
		{D4D157B6-EBFB-41F1-939D-9B126F2DD385}.Release|Any CPU.ActiveCfg = Release|Any CPU
		{D4D157B6-EBFB-41F1-939D-9B126F2DD385}.Release|Any CPU.Build.0 = Release|Any CPU
	EndGlobalSection
	GlobalSection(SolutionProperties) = preSolution
		HideSolutionNode = FALSE
	EndGlobalSection
	GlobalSection(ExtensibilityGlobals) = postSolution
		SolutionGuid = {2ED73BAE-FE96-446E-ACE5-27984B10A168}
	EndGlobalSection
EndGlobal
